// !$*UTF8*$!
{
	archiveVersion = 1;
	classes = {
	};
	objectVersion = 46;
	objects = {

/* Begin PBXBuildFile section */
		AADC89831E7C0171002C239A /* AppDelegate.swift in Sources */ = {isa = PBXBuildFile; fileRef = AADC89821E7C0171002C239A /* AppDelegate.swift */; };
		AADC89851E7C0171002C239A /* ViewController.swift in Sources */ = {isa = PBXBuildFile; fileRef = AADC89841E7C0171002C239A /* ViewController.swift */; };
		AADC89881E7C0171002C239A /* Main.storyboard in Resources */ = {isa = PBXBuildFile; fileRef = AADC89861E7C0171002C239A /* Main.storyboard */; };
		AADC898A1E7C0171002C239A /* Assets.xcassets in Resources */ = {isa = PBXBuildFile; fileRef = AADC89891E7C0171002C239A /* Assets.xcassets */; };
		AADC898D1E7C0171002C239A /* LaunchScreen.storyboard in Resources */ = {isa = PBXBuildFile; fileRef = AADC898B1E7C0171002C239A /* LaunchScreen.storyboard */; };
		AADC89961E7C01AB002C239A /* AudioToolbox.framework in Frameworks */ = {isa = PBXBuildFile; fileRef = AADC89951E7C01AB002C239A /* AudioToolbox.framework */; };
		AADC89981E7C0902002C239A /* train01.mp3 in Resources */ = {isa = PBXBuildFile; fileRef = AADC89971E7C0902002C239A /* train01.mp3 */; };
/* End PBXBuildFile section */

/* Begin PBXFileReference section */
		AADC897F1E7C0171002C239A /* SampleQuiz.app */ = {isa = PBXFileReference; explicitFileType = wrapper.application; includeInIndex = 0; path = SampleQuiz.app; sourceTree = BUILT_PRODUCTS_DIR; };
		AADC89821E7C0171002C239A /* AppDelegate.swift */ = {isa = PBXFileReference; lastKnownFileType = sourcecode.swift; path = AppDelegate.swift; sourceTree = "<group>"; };
		AADC89841E7C0171002C239A /* ViewController.swift */ = {isa = PBXFileReference; lastKnownFileType = sourcecode.swift; path = ViewController.swift; sourceTree = "<group>"; };
		AADC89871E7C0171002C239A /* Base */ = {isa = PBXFileReference; lastKnownFileType = file.storyboard; name = Base; path = Base.lproj/Main.storyboard; sourceTree = "<group>"; };
		AADC89891E7C0171002C239A /* Assets.xcassets */ = {isa = PBXFileReference; lastKnownFileType = folder.assetcatalog; path = Assets.xcassets; sourceTree = "<group>"; };
		AADC898C1E7C0171002C239A /* Base */ = {isa = PBXFileReference; lastKnownFileType = file.storyboard; name = Base; path = Base.lproj/LaunchScreen.storyboard; sourceTree = "<group>"; };
		AADC898E1E7C0171002C239A /* Info.plist */ = {isa = PBXFileReference; lastKnownFileType = text.plist.xml; path = Info.plist; sourceTree = "<group>"; };
		AADC89951E7C01AB002C239A /* AudioToolbox.framework */ = {isa = PBXFileReference; lastKnownFileType = wrapper.framework; name = AudioToolbox.framework; path = System/Library/Frameworks/AudioToolbox.framework; sourceTree = SDKROOT; };
		AADC89971E7C0902002C239A /* train01.mp3 */ = {isa = PBXFileReference; lastKnownFileType = audio.mp3; path = train01.mp3; sourceTree = "<group>"; };
/* End PBXFileReference section */

/* Begin PBXFrameworksBuildPhase section */
		AADC897C1E7C0171002C239A /* Frameworks */ = {
			isa = PBXFrameworksBuildPhase;
			buildActionMask = 2147483647;
			files = (
				AADC89961E7C01AB002C239A /* AudioToolbox.framework in Frameworks */,
			);
			runOnlyForDeploymentPostprocessing = 0;
		};
/* End PBXFrameworksBuildPhase section */

/* Begin PBXGroup section */
		AADC89761E7C0171002C239A = {
			isa = PBXGroup;
			children = (
				AADC89811E7C0171002C239A /* SampleQuiz */,
				AADC89801E7C0171002C239A /* Products */,
				AADC89941E7C01AB002C239A /* Frameworks */,
			);
			sourceTree = "<group>";
		};
		AADC89801E7C0171002C239A /* Products */ = {
			isa = PBXGroup;
			children = (
				AADC897F1E7C0171002C239A /* SampleQuiz.app */,
			);
			name = Products;
			sourceTree = "<group>";
		};
		AADC89811E7C0171002C239A /* SampleQuiz */ = {
			isa = PBXGroup;
			children = (
				AADC89971E7C0902002C239A /* train01.mp3 */,
				AADC89821E7C0171002C239A /* AppDelegate.swift */,
				AADC89841E7C0171002C239A /* ViewController.swift */,
				AADC89861E7C0171002C239A /* Main.storyboard */,
				AADC89891E7C0171002C239A /* Assets.xcassets */,
				AADC898B1E7C0171002C239A /* LaunchScreen.storyboard */,
				AADC898E1E7C0171002C239A /* Info.plist */,
			);
			path = SampleQuiz;
			sourceTree = "<group>";
		};
		AADC89941E7C01AB002C239A /* Frameworks */ = {
			isa = PBXGroup;
			children = (
				AADC89951E7C01AB002C239A /* AudioToolbox.framework */,
			);
			name = Frameworks;
			sourceTree = "<group>";
		};
/* End PBXGroup section */

/* Begin PBXNativeTarget section */
		AADC897E1E7C0171002C239A /* SampleQuiz */ = {
			isa = PBXNativeTarget;
			buildConfigurationList = AADC89911E7C0171002C239A /* Build configuration list for PBXNativeTarget "SampleQuiz" */;
			buildPhases = (
				AADC897B1E7C0171002C239A /* Sources */,
				AADC897C1E7C0171002C239A /* Frameworks */,
				AADC897D1E7C0171002C239A /* Resources */,
			);
			buildRules = (
			);
			dependencies = (
			);
			name = SampleQuiz;
			productName = SampleQuiz;
			productReference = AADC897F1E7C0171002C239A /* SampleQuiz.app */;
			productType = "com.apple.product-type.application";
		};
/* End PBXNativeTarget section */

/* Begin PBXProject section */
		AADC89771E7C0171002C239A /* Project object */ = {
			isa = PBXProject;
			attributes = {
				LastSwiftUpdateCheck = 0820;
				LastUpgradeCheck = 0820;
				ORGANIZATIONNAME = Kei;
				TargetAttributes = {
					AADC897E1E7C0171002C239A = {
						CreatedOnToolsVersion = 8.2.1;
						DevelopmentTeam = CXCUPKE9MN;
						ProvisioningStyle = Automatic;
					};
				};
			};
			buildConfigurationList = AADC897A1E7C0171002C239A /* Build configuration list for PBXProject "SampleQuiz" */;
			compatibilityVersion = "Xcode 3.2";
			developmentRegion = English;
			hasScannedForEncodings = 0;
			knownRegions = (
				en,
				Base,
			);
			mainGroup = AADC89761E7C0171002C239A;
			productRefGroup = AADC89801E7C0171002C239A /* Products */;
			projectDirPath = "";
			projectRoot = "";
			targets = (
				AADC897E1E7C0171002C239A /* SampleQuiz */,
			);
		};
/* End PBXProject section */

/* Begin PBXResourcesBuildPhase section */
		AADC897D1E7C0171002C239A /* Resources */ = {
			isa = PBXResourcesBuildPhase;
			buildActionMask = 2147483647;
			files = (
				AADC89981E7C0902002C239A /* train01.mp3 in Resources */,
				AADC898D1E7C0171002C239A /* LaunchScreen.storyboard in Resources */,
				AADC898A1E7C0171002C239A /* Assets.xcassets in Resources */,
				AADC89881E7C0171002C239A /* Main.storyboard in Resources */,
			);
			runOnlyForDeploymentPostprocessing = 0;
		};
/* End PBXResourcesBuildPhase section */

/* Begin PBXSourcesBuildPhase section */
		AADC897B1E7C0171002C239A /* Sources */ = {
			isa = PBXSourcesBuildPhase;
			buildActionMask = 2147483647;
			files = (
				AADC89851E7C0171002C239A /* ViewController.swift in Sources */,
				AADC89831E7C0171002C239A /* AppDelegate.swift in Sources */,
			);
			runOnlyForDeploymentPostprocessing = 0;
		};
/* End PBXSourcesBuildPhase section */

/* Begin PBXVariantGroup section */
		AADC89861E7C0171002C239A /* Main.storyboard */ = {
			isa = PBXVariantGroup;
			children = (
				AADC89871E7C0171002C239A /* Base */,
			);
			name = Main.storyboard;
			sourceTree = "<group>";
		};
		AADC898B1E7C0171002C239A /* LaunchScreen.storyboard */ = {
			isa = PBXVariantGroup;
			children = (
				AADC898C1E7C0171002C239A /* Base */,
			);
			name = LaunchScreen.storyboard;
			sourceTree = "<group>";
		};
/* End PBXVariantGroup section */

/* Begin XCBuildConfiguration section */
		AADC898F1E7C0171002C239A /* Debug */ = {
			isa = XCBuildConfiguration;
			buildSettings = {
				ALWAYS_SEARCH_USER_PATHS = NO;
				CLANG_ANALYZER_NONNULL = YES;
				CLANG_CXX_LANGUAGE_STANDARD = "gnu++0x";
				CLANG_CXX_LIBRARY = "libc++";
				CLANG_ENABLE_MODULES = YES;
				CLANG_ENABLE_OBJC_ARC = YES;
				CLANG_WARN_BOOL_CONVERSION = YES;
				CLANG_WARN_CONSTANT_CONVERSION = YES;
				CLANG_WARN_DIRECT_OBJC_ISA_USAGE = YES_ERROR;
				CLANG_WARN_DOCUMENTATION_COMMENTS = YES;
				CLANG_WARN_EMPTY_BODY = YES;
				CLANG_WARN_ENUM_CONVERSION = YES;
				CLANG_WARN_INFINITE_RECURSION = YES;
				CLANG_WARN_INT_CONVERSION = YES;
				CLANG_WARN_OBJC_ROOT_CLASS = YES_ERROR;
				CLANG_WARN_SUSPICIOUS_MOVE = YES;
				CLANG_WARN_UNREACHABLE_CODE = YES;
				CLANG_WARN__DUPLICATE_METHOD_MATCH = YES;
				"CODE_SIGN_IDENTITY[sdk=iphoneos*]" = "iPhone Developer";
				COPY_PHASE_STRIP = NO;
				DEBUG_INFORMATION_FORMAT = dwarf;
				ENABLE_STRICT_OBJC_MSGSEND = YES;
				ENABLE_TESTABILITY = YES;
				GCC_C_LANGUAGE_STANDARD = gnu99;
				GCC_DYNAMIC_NO_PIC = NO;
				GCC_NO_COMMON_BLOCKS = YES;
				GCC_OPTIMIZATION_LEVEL = 0;
				GCC_PREPROCESSOR_DEFINITIONS = (
					"DEBUG=1",
					"$(inherited)",
				);
				GCC_WARN_64_TO_32_BIT_CONVERSION = YES;
				GCC_WARN_ABOUT_RETURN_TYPE = YES_ERROR;
				GCC_WARN_UNDECLARED_SELECTOR = YES;
				GCC_WARN_UNINITIALIZED_AUTOS = YES_AGGRESSIVE;
				GCC_WARN_UNUSED_FUNCTION = YES;
				GCC_WARN_UNUSED_VARIABLE = YES;
				IPHONEOS_DEPLOYMENT_TARGET = 10.2;
				MTL_ENABLE_DEBUG_INFO = YES;
				ONLY_ACTIVE_ARCH = YES;
				SDKROOT = iphoneos;
				SWIFT_ACTIVE_COMPILATION_CONDITIONS = DEBUG;
				SWIFT_OPTIMIZATION_LEVEL = "-Onone";
			};
			name = Debug;
		};
		AADC89901E7C0171002C239A /* Release */ = {
			isa = XCBuildConfiguration;
			buildSettings = {
				ALWAYS_SEARCH_USER_PATHS = NO;
				CLANG_ANALYZER_NONNULL = YES;
				CLANG_CXX_LANGUAGE_STANDARD = "gnu++0x";
				CLANG_CXX_LIBRARY = "libc++";
				CLANG_ENABLE_MODULES = YES;
				CLANG_ENABLE_OBJC_ARC = YES;
				CLANG_WARN_BOOL_CONVERSION = YES;
				CLANG_WARN_CONSTANT_CONVERSION = YES;
				CLANG_WARN_DIRECT_OBJC_ISA_USAGE = YES_ERROR;
				CLANG_WARN_DOCUMENTATION_COMMENTS = YES;
				CLANG_WARN_EMPTY_BODY = YES;
				CLANG_WARN_ENUM_CONVERSION = YES;
				CLANG_WARN_INFINITE_RECURSION = YES;
				CLANG_WARN_INT_CONVERSION = YES;
				CLANG_WARN_OBJC_ROOT_CLASS = YES_ERROR;
				CLANG_WARN_SUSPICIOUS_MOVE = YES;
				CLANG_WARN_UNREACHABLE_CODE = YES;
				CLANG_WARN__DUPLICATE_METHOD_MATCH = YES;
				"CODE_SIGN_IDENTITY[sdk=iphoneos*]" = "iPhone Developer";
				COPY_PHASE_STRIP = NO;
				DEBUG_INFORMATION_FORMAT = "dwarf-with-dsym";
				ENABLE_NS_ASSERTIONS = NO;
				ENABLE_STRICT_OBJC_MSGSEND = YES;
				GCC_C_LANGUAGE_STANDARD = gnu99;
				GCC_NO_COMMON_BLOCKS = YES;
				GCC_WARN_64_TO_32_BIT_CONVERSION = YES;
				GCC_WARN_ABOUT_RETURN_TYPE = YES_ERROR;
				GCC_WARN_UNDECLARED_SELECTOR = YES;
				GCC_WARN_UNINITIALIZED_AUTOS = YES_AGGRESSIVE;
				GCC_WARN_UNUSED_FUNCTION = YES;
				GCC_WARN_UNUSED_VARIABLE = YES;
				IPHONEOS_DEPLOYMENT_TARGET = 10.2;
				MTL_ENABLE_DEBUG_INFO = NO;
				SDKROOT = iphoneos;
				SWIFT_OPTIMIZATION_LEVEL = "-Owholemodule";
				VALIDATE_PRODUCT = YES;
			};
			name = Release;
		};
		AADC89921E7C0171002C239A /* Debug */ = {
			isa = XCBuildConfiguration;
			buildSettings = {
				ASSETCATALOG_COMPILER_APPICON_NAME = AppIcon;
				DEVELOPMENT_TEAM = CXCUPKE9MN;
				INFOPLIST_FILE = SampleQuiz/Info.plist;
				LD_RUNPATH_SEARCH_PATHS = "$(inherited) @executable_path/Frameworks";
				PRODUCT_BUNDLE_IDENTIFIER = "-.SampleQuiz";
				PRODUCT_NAME = "$(TARGET_NAME)";
				SWIFT_VERSION = 3.0;
			};
			name = Debug;
		};
		AADC89931E7C0171002C239A /* Release */ = {
			isa = XCBuildConfiguration;
			buildSettings = {
				ASSETCATALOG_COMPILER_APPICON_NAME = AppIcon;
				DEVELOPMENT_TEAM = CXCUPKE9MN;
				INFOPLIST_FILE = SampleQuiz/Info.plist;
				LD_RUNPATH_SEARCH_PATHS = "$(inherited) @executable_path/Frameworks";
				PRODUCT_BUNDLE_IDENTIFIER = "-.SampleQuiz";
				PRODUCT_NAME = "$(TARGET_NAME)";
				SWIFT_VERSION = 3.0;
			};
			name = Release;
		};
/* End XCBuildConfiguration section */

/* Begin XCConfigurationList section */
		AADC897A1E7C0171002C239A /* Build configuration list for PBXProject "SampleQuiz" */ = {
			isa = XCConfigurationList;
			buildConfigurations = (
				AADC898F1E7C0171002C239A /* Debug */,
				AADC89901E7C0171002C239A /* Release */,
			);
			defaultConfigurationIsVisible = 0;
			defaultConfigurationName = Release;
		};
		AADC89911E7C0171002C239A /* Build configuration list for PBXNativeTarget "SampleQuiz" */ = {
			isa = XCConfigurationList;
			buildConfigurations = (
				AADC89921E7C0171002C239A /* Debug */,
				AADC89931E7C0171002C239A /* Release */,
			);
			defaultConfigurationIsVisible = 0;
		};
/* End XCConfigurationList section */
	};
	rootObject = AADC89771E7C0171002C239A /* Project object */;
}
